
Microsoft Visual Studio Solution File, Format Version 12.00
# Visual Studio Version 17
VisualStudioVersion = 17.3.32819.101
MinimumVisualStudioVersion = 10.0.40219.1
Project("{FAE04EC0-301F-11D3-BF4B-00C04F79EFBC}") = "GIT_IS_HARD", "GIT_IS_HARD\GIT_IS_HARD.csproj", "{33A3FE83-A45C-4439-9ECE-856EA86F7DBA}"
EndProject
Global
	GlobalSection(SolutionConfigurationPlatforms) = preSolution
		Debug|Any CPU = Debug|Any CPU
		Release|Any CPU = Release|Any CPU
	EndGlobalSection
	GlobalSection(ProjectConfigurationPlatforms) = postSolution
		{33A3FE83-A45C-4439-9ECE-856EA86F7DBA}.Debug|Any CPU.ActiveCfg = Debug|Any CPU
		{33A3FE83-A45C-4439-9ECE-856EA86F7DBA}.Debug|Any CPU.Build.0 = Debug|Any CPU
		{33A3FE83-A45C-4439-9ECE-856EA86F7DBA}.Release|Any CPU.ActiveCfg = Release|Any CPU
		{33A3FE83-A45C-4439-9ECE-856EA86F7DBA}.Release|Any CPU.Build.0 = Release|Any CPU
	EndGlobalSection
	GlobalSection(SolutionProperties) = preSolution
		HideSolutionNode = FALSE
	EndGlobalSection
	GlobalSection(ExtensibilityGlobals) = postSolution
		SolutionGuid = {50C2E49A-4B2C-4A4C-BA68-3188F8667A52}
	EndGlobalSection
EndGlobal
